# THIS IS AN AUTOGENERATED FILE. DO NOT EDIT THIS FILE DIRECTLY.
# yarn lockfile v1


vue@^2.6.13:
  version "2.6.13"
  resolved "https://registry.yarnpkg.com/vue/-/vue-2.6.13.tgz#94b2c1b31fddf1dfcc34f28ec848ba8f01ea4c5b"
  integrity sha512-O+pAdJkce1ooYS1XyoQtpBQr9An+Oys3w39rkqxukVO3ZD1ilYJkWBGoRuadiQEm2LLJnCL2utV4TMSf52ubjw==
